
Microsoft Visual Studio Solution File, Format Version 12.00
# Visual Studio 2012
Project("{FAE04EC0-301F-11D3-BF4B-00C04F79EFBC}") = "BusManagment", "Bus\BusManagment.csproj", "{79D33258-A0F7-4BCB-A362-510197F1668A}"
EndProject
Project("{FAE04EC0-301F-11D3-BF4B-00C04F79EFBC}") = "ClassLibrary", "ClassLibrary\ClassLibrary.csproj", "{BBAC4FC5-D801-4D81-84D0-08C5BAAD81E0}"
EndProject
Project("{FAE04EC0-301F-11D3-BF4B-00C04F79EFBC}") = "ERP", "Interface\ERP.csproj", "{86417C95-BBEB-4592-9584-78016389F1CC}"
EndProject
Global
	GlobalSection(TeamFoundationVersionControl) = preSolution
		SccNumberOfProjects = 4
		SccEnterpriseProvider = {4CA58AB2-18FA-4F8D-95D4-32DDF27D184C}
		SccTeamFoundationServer = https://erpzarrinderafshtoos.visualstudio.com/defaultcollection
		SccLocalPath0 = .
		SccProjectUniqueName1 = Bus\\BusManagment.csproj
		SccProjectName1 = Bus
		SccLocalPath1 = Bus
		SccProjectUniqueName2 = ClassLibrary\\ClassLibrary.csproj
		SccProjectName2 = ClassLibrary
		SccLocalPath2 = ClassLibrary
		SccProjectUniqueName3 = Interface\\ERP.csproj
		SccProjectName3 = Interface
		SccLocalPath3 = Interface
	EndGlobalSection
	GlobalSection(SolutionConfigurationPlatforms) = preSolution
		Debug|Any CPU = Debug|Any CPU
		Release|Any CPU = Release|Any CPU
	EndGlobalSection
	GlobalSection(ProjectConfigurationPlatforms) = postSolution
		{79D33258-A0F7-4BCB-A362-510197F1668A}.Debug|Any CPU.ActiveCfg = Debug|Any CPU
		{79D33258-A0F7-4BCB-A362-510197F1668A}.Debug|Any CPU.Build.0 = Debug|Any CPU
		{79D33258-A0F7-4BCB-A362-510197F1668A}.Release|Any CPU.ActiveCfg = Release|Any CPU
		{79D33258-A0F7-4BCB-A362-510197F1668A}.Release|Any CPU.Build.0 = Release|Any CPU
		{BBAC4FC5-D801-4D81-84D0-08C5BAAD81E0}.Debug|Any CPU.ActiveCfg = Debug|Any CPU
		{BBAC4FC5-D801-4D81-84D0-08C5BAAD81E0}.Debug|Any CPU.Build.0 = Debug|Any CPU
		{BBAC4FC5-D801-4D81-84D0-08C5BAAD81E0}.Release|Any CPU.ActiveCfg = Release|Any CPU
		{BBAC4FC5-D801-4D81-84D0-08C5BAAD81E0}.Release|Any CPU.Build.0 = Release|Any CPU
		{86417C95-BBEB-4592-9584-78016389F1CC}.Debug|Any CPU.ActiveCfg = Debug|Any CPU
		{86417C95-BBEB-4592-9584-78016389F1CC}.Debug|Any CPU.Build.0 = Debug|Any CPU
		{86417C95-BBEB-4592-9584-78016389F1CC}.Release|Any CPU.ActiveCfg = Release|Any CPU
		{86417C95-BBEB-4592-9584-78016389F1CC}.Release|Any CPU.Build.0 = Release|Any CPU
	EndGlobalSection
	GlobalSection(SolutionProperties) = preSolution
		HideSolutionNode = FALSE
	EndGlobalSection
EndGlobal
