
Microsoft Visual Studio Solution File, Format Version 12.00
# Visual Studio 2013
VisualStudioVersion = 12.0.21005.1
MinimumVisualStudioVersion = 10.0.40219.1
Project("{FAE04EC0-301F-11D3-BF4B-00C04F79EFBC}") = "WebERP", "WebERP.csproj", "{1FF3131B-1936-4B48-9227-9D6751553B45}"
	ProjectSection(ProjectDependencies) = postProject
		{50464FAE-6616-45E5-9C07-B919F65F4FF1} = {50464FAE-6616-45E5-9C07-B919F65F4FF1}
	EndProjectSection
EndProject
Project("{FAE04EC0-301F-11D3-BF4B-00C04F79EFBC}") = "ClassLibrary", "..\ClassLibrary\ClassLibrary.csproj", "{BBAC4FC5-D801-4D81-84D0-08C5BAAD81E0}"
EndProject
Project("{FAE04EC0-301F-11D3-BF4B-00C04F79EFBC}") = "WebControllers", "..\WebControllers\WebControllers.csproj", "{E4DEC70E-7841-4FD2-A5ED-C59837CAD549}"
EndProject
Project("{FAE04EC0-301F-11D3-BF4B-00C04F79EFBC}") = "WebClassLibrary", "..\WebClassLibrary\WebClassLibrary.csproj", "{3B0B293D-40F5-49AD-B44B-5914873D5028}"
EndProject
Project("{FAE04EC0-301F-11D3-BF4B-00C04F79EFBC}") = "WebAVL", "..\WebAVL\WebAVL.csproj", "{EAB58C69-7BB6-4202-B8E2-883E66A3283E}"
EndProject
Project("{FAE04EC0-301F-11D3-BF4B-00C04F79EFBC}") = "AVL", "..\AVL\AVL.csproj", "{9EE5F8A2-00C2-48EB-B46E-8D83D14FDC39}"
EndProject
Project("{FAE04EC0-301F-11D3-BF4B-00C04F79EFBC}") = "AUTOMOBILE", "..\AUTOMOBILE\AUTOMOBILE.csproj", "{D185D248-D46E-4624-AE4D-80A36C1A3370}"
EndProject
Project("{FAE04EC0-301F-11D3-BF4B-00C04F79EFBC}") = "Globals", "..\Globals\Globals.csproj", "{E7CC3DF6-4222-41DC-8F78-ACE6E997573B}"
EndProject
Project("{FAE04EC0-301F-11D3-BF4B-00C04F79EFBC}") = "Automation", "..\Automation\Automation.csproj", "{F931E93A-22C2-400B-9FFF-CBDFD5DA7184}"
EndProject
Project("{FAE04EC0-301F-11D3-BF4B-00C04F79EFBC}") = "WebBaseDefine", "..\WebBaseDefine\WebBaseDefine.csproj", "{6FB2E793-F67B-4BFA-9780-FFA946C41075}"
EndProject
Project("{FAE04EC0-301F-11D3-BF4B-00C04F79EFBC}") = "WebBusManagement", "..\WebBusManagement\WebBusManagement.csproj", "{A3D2BBEE-1AED-4F5B-83F2-9E68A4047850}"
EndProject
Project("{FAE04EC0-301F-11D3-BF4B-00C04F79EFBC}") = "BusManagment", "..\Bus\BusManagment.csproj", "{79D33258-A0F7-4BCB-A362-510197F1668A}"
EndProject
Project("{FAE04EC0-301F-11D3-BF4B-00C04F79EFBC}") = "WebAutomobile", "..\WebAutomobile\WebAutomobile.csproj", "{FF147805-3EBC-46D5-8033-1167AF77D9D8}"
EndProject
Project("{FAE04EC0-301F-11D3-BF4B-00C04F79EFBC}") = "WebAccounting", "..\WebAccounting\WebAccounting.csproj", "{8F99F04F-9C50-40F1-BD48-AA57A958E488}"
EndProject
Project("{FAE04EC0-301F-11D3-BF4B-00C04F79EFBC}") = "Accounting", "..\Accounting\Accounting.csproj", "{3429A3A8-BE7D-4CD6-9C36-DB63CC326A70}"
EndProject
Project("{FAE04EC0-301F-11D3-BF4B-00C04F79EFBC}") = "Finance", "..\Finance\Finance.csproj", "{B53AFBC9-DB58-401D-B559-A683704C4E87}"
EndProject
Project("{FAE04EC0-301F-11D3-BF4B-00C04F79EFBC}") = "WebFinance", "..\WebFinance\WebFinance.csproj", "{EA01FA4E-3890-4F43-931C-6FEAEB31B0D0}"
EndProject
Project("{FAE04EC0-301F-11D3-BF4B-00C04F79EFBC}") = "Chat", "Chat\Chat.csproj", "{50464FAE-6616-45E5-9C07-B919F65F4FF1}"
EndProject
Project("{FAE04EC0-301F-11D3-BF4B-00C04F79EFBC}") = "WebAutomation", "..\WebAutomation\WebAutomation.csproj", "{4BF5CE54-82B8-42F9-9E9A-B2B409D667CA}"
EndProject
Project("{FAE04EC0-301F-11D3-BF4B-00C04F79EFBC}") = "Communication", "..\Communication\Communication.csproj", "{8F5056D0-BC4E-4471-A0A7-6B0E98C130B2}"
EndProject
Project("{FAE04EC0-301F-11D3-BF4B-00C04F79EFBC}") = "WebBaseNet", "..\WebBaseNet\WebBaseNet.csproj", "{4CAED304-A31B-4CD8-90EA-5C67D5DF4F6C}"
EndProject
Project("{FAE04EC0-301F-11D3-BF4B-00C04F79EFBC}") = "WebReport", "..\WebReport\WebReport.csproj", "{15BA802D-26F0-497C-A33C-8CB8DB6F7466}"
EndProject
Project("{FAE04EC0-301F-11D3-BF4B-00C04F79EFBC}") = "ERP", "..\Interface\ERP.csproj", "{86417C95-BBEB-4592-9584-78016389F1CC}"
EndProject
Project("{FAE04EC0-301F-11D3-BF4B-00C04F79EFBC}") = "AndroidWebManagement", "..\AndroidWebManagement\AndroidWebManagement.csproj", "{0FC9C3EE-14B9-42BF-A461-3B2636C33BE8}"
EndProject
Project("{FAE04EC0-301F-11D3-BF4B-00C04F79EFBC}") = "FastReport", "..\FastReport\FastReport.csproj", "{7C64FBDC-25E5-47FF-B6F8-443256745E2D}"
EndProject
Project("{FAE04EC0-301F-11D3-BF4B-00C04F79EFBC}") = "ManagementShares", "..\Managementshares\ManagementShares.csproj", "{B9DFBAD5-AD6F-4478-81C6-73FBBB102295}"
EndProject
Project("{FAE04EC0-301F-11D3-BF4B-00C04F79EFBC}") = "WebManagementShare", "..\WebManagementShare\WebManagementShare.csproj", "{72C40A23-C091-43FF-9033-C89A10A142E2}"
EndProject
Project("{FAE04EC0-301F-11D3-BF4B-00C04F79EFBC}") = "Employment", "..\Employment\Employment.csproj", "{573782B8-C27C-44F6-AA6B-479AA83EAE48}"
EndProject
Global
	GlobalSection(TeamFoundationVersionControl) = preSolution
		SccNumberOfProjects = 29
		SccEnterpriseProvider = {4CA58AB2-18FA-4F8D-95D4-32DDF27D184C}
		SccTeamFoundationServer = https://erpzarrinderafshtoos.visualstudio.com/defaultcollection
		SccLocalPath0 = .
		SccProjectUniqueName1 = ..\\Globals\\Globals.csproj
		SccProjectName1 = ../Globals
		SccLocalPath1 = ..\\Globals
		SccProjectUniqueName2 = ..\\Accounting\\Accounting.csproj
		SccProjectName2 = ../Accounting
		SccLocalPath2 = ..\\Accounting
		SccProjectUniqueName3 = ..\\Automation\\Automation.csproj
		SccProjectName3 = ../Automation
		SccLocalPath3 = ..\\Automation
		SccProjectUniqueName4 = ..\\AUTOMOBILE\\AUTOMOBILE.csproj
		SccProjectName4 = ../AUTOMOBILE
		SccLocalPath4 = ..\\AUTOMOBILE
		SccProjectUniqueName5 = ..\\AVL\\AVL.csproj
		SccProjectName5 = ../AVL
		SccLocalPath5 = ..\\AVL
		SccProjectUniqueName6 = ..\\Bus\\BusManagment.csproj
		SccProjectName6 = ../Bus
		SccLocalPath6 = ..\\Bus
		SccProjectUniqueName7 = ..\\ClassLibrary\\ClassLibrary.csproj
		SccProjectName7 = ../ClassLibrary
		SccLocalPath7 = ..\\ClassLibrary
		SccProjectUniqueName8 = ..\\Finance\\Finance.csproj
		SccProjectName8 = ../Finance
		SccLocalPath8 = ..\\Finance
		SccProjectUniqueName9 = ..\\WebAccounting\\WebAccounting.csproj
		SccProjectName9 = ../WebAccounting
		SccLocalPath9 = ..\\WebAccounting
		SccProjectUniqueName10 = ..\\WebAutomobile\\WebAutomobile.csproj
		SccProjectName10 = ../WebAutomobile
		SccLocalPath10 = ..\\WebAutomobile
		SccProjectUniqueName11 = ..\\WebAVL\\WebAVL.csproj
		SccProjectName11 = ../WebAVL
		SccLocalPath11 = ..\\WebAVL
		SccProjectUniqueName12 = ..\\WebBaseDefine\\WebBaseDefine.csproj
		SccProjectName12 = ../WebBaseDefine
		SccLocalPath12 = ..\\WebBaseDefine
		SccProjectUniqueName13 = ..\\WebBusManagement\\WebBusManagement.csproj
		SccProjectName13 = ../WebBusManagement
		SccLocalPath13 = ..\\WebBusManagement
		SccProjectUniqueName14 = ..\\WebClassLibrary\\WebClassLibrary.csproj
		SccProjectName14 = ../WebClassLibrary
		SccLocalPath14 = ..\\WebClassLibrary
		SccProjectUniqueName15 = ..\\WebControllers\\WebControllers.csproj
		SccProjectName15 = ../WebControllers
		SccLocalPath15 = ..\\WebControllers
		SccProjectUniqueName16 = WebERP.csproj
		SccLocalPath16 = .
		SccProjectUniqueName17 = ..\\WebFinance\\WebFinance.csproj
		SccProjectName17 = ../WebFinance
		SccLocalPath17 = ..\\WebFinance
		SccProjectUniqueName18 = Chat\\Chat.csproj
		SccProjectName18 = Chat
		SccLocalPath18 = Chat
		SccProjectUniqueName19 = ..\\WebAutomation\\WebAutomation.csproj
		SccProjectName19 = ../WebAutomation
		SccLocalPath19 = ..\\WebAutomation
		SccProjectUniqueName20 = ..\\Communication\\Communication.csproj
		SccProjectName20 = ../Communication
		SccLocalPath20 = ..\\Communication
		SccProjectUniqueName21 = ..\\WebBaseNet\\WebBaseNet.csproj
		SccProjectName21 = ../WebBaseNet
		SccLocalPath21 = ..\\WebBaseNet
		SccProjectUniqueName22 = ..\\WebReport\\WebReport.csproj
		SccProjectName22 = ../WebReport
		SccLocalPath22 = ..\\WebReport
		SccProjectUniqueName23 = ..\\Interface\\ERP.csproj
		SccProjectName23 = ../Interface
		SccLocalPath23 = ..\\Interface
		SccProjectUniqueName24 = ..\\AndroidWebManagement\\AndroidWebManagement.csproj
		SccProjectName24 = ../AndroidWebManagement
		SccLocalPath24 = ..\\AndroidWebManagement
		SccProjectUniqueName25 = ..\\FastReport\\FastReport.csproj
		SccProjectName25 = ../FastReport
		SccLocalPath25 = ..\\FastReport
		SccProjectUniqueName26 = ..\\Managementshares\\ManagementShares.csproj
		SccProjectName26 = ../Managementshares
		SccLocalPath26 = ..\\Managementshares
		SccProjectUniqueName27 = ..\\WebManagementShare\\WebManagementShare.csproj
		SccProjectName27 = ../WebManagementShare
		SccLocalPath27 = ..\\WebManagementShare
		SccProjectUniqueName28 = ..\\Employment\\Employment.csproj
		SccProjectName28 = ../Employment
		SccLocalPath28 = ..\\Employment
	EndGlobalSection
	GlobalSection(SolutionConfigurationPlatforms) = preSolution
		Basic|Any CPU = Basic|Any CPU
		Debug|Any CPU = Debug|Any CPU
		Demo|Any CPU = Demo|Any CPU
		Release|Any CPU = Release|Any CPU
		WinForms|Any CPU = WinForms|Any CPU
	EndGlobalSection
	GlobalSection(ProjectConfigurationPlatforms) = postSolution
		{1FF3131B-1936-4B48-9227-9D6751553B45}.Basic|Any CPU.ActiveCfg = Release|Any CPU
		{1FF3131B-1936-4B48-9227-9D6751553B45}.Basic|Any CPU.Build.0 = Release|Any CPU
		{1FF3131B-1936-4B48-9227-9D6751553B45}.Debug|Any CPU.ActiveCfg = Debug|Any CPU
		{1FF3131B-1936-4B48-9227-9D6751553B45}.Debug|Any CPU.Build.0 = Debug|Any CPU
		{1FF3131B-1936-4B48-9227-9D6751553B45}.Demo|Any CPU.ActiveCfg = Debug|Any CPU
		{1FF3131B-1936-4B48-9227-9D6751553B45}.Demo|Any CPU.Build.0 = Debug|Any CPU
		{1FF3131B-1936-4B48-9227-9D6751553B45}.Release|Any CPU.ActiveCfg = Release|Any CPU
		{1FF3131B-1936-4B48-9227-9D6751553B45}.Release|Any CPU.Build.0 = Release|Any CPU
		{1FF3131B-1936-4B48-9227-9D6751553B45}.WinForms|Any CPU.ActiveCfg = Release|Any CPU
		{1FF3131B-1936-4B48-9227-9D6751553B45}.WinForms|Any CPU.Build.0 = Release|Any CPU
		{BBAC4FC5-D801-4D81-84D0-08C5BAAD81E0}.Basic|Any CPU.ActiveCfg = Release|Any CPU
		{BBAC4FC5-D801-4D81-84D0-08C5BAAD81E0}.Basic|Any CPU.Build.0 = Release|Any CPU
		{BBAC4FC5-D801-4D81-84D0-08C5BAAD81E0}.Debug|Any CPU.ActiveCfg = Debug|Any CPU
		{BBAC4FC5-D801-4D81-84D0-08C5BAAD81E0}.Debug|Any CPU.Build.0 = Debug|Any CPU
		{BBAC4FC5-D801-4D81-84D0-08C5BAAD81E0}.Demo|Any CPU.ActiveCfg = Debug|Any CPU
		{BBAC4FC5-D801-4D81-84D0-08C5BAAD81E0}.Demo|Any CPU.Build.0 = Debug|Any CPU
		{BBAC4FC5-D801-4D81-84D0-08C5BAAD81E0}.Release|Any CPU.ActiveCfg = Release|Any CPU
		{BBAC4FC5-D801-4D81-84D0-08C5BAAD81E0}.Release|Any CPU.Build.0 = Release|Any CPU
		{BBAC4FC5-D801-4D81-84D0-08C5BAAD81E0}.WinForms|Any CPU.ActiveCfg = Release|Any CPU
		{BBAC4FC5-D801-4D81-84D0-08C5BAAD81E0}.WinForms|Any CPU.Build.0 = Release|Any CPU
		{E4DEC70E-7841-4FD2-A5ED-C59837CAD549}.Basic|Any CPU.ActiveCfg = Release|Any CPU
		{E4DEC70E-7841-4FD2-A5ED-C59837CAD549}.Basic|Any CPU.Build.0 = Release|Any CPU
		{E4DEC70E-7841-4FD2-A5ED-C59837CAD549}.Debug|Any CPU.ActiveCfg = Debug|Any CPU
		{E4DEC70E-7841-4FD2-A5ED-C59837CAD549}.Debug|Any CPU.Build.0 = Debug|Any CPU
		{E4DEC70E-7841-4FD2-A5ED-C59837CAD549}.Demo|Any CPU.ActiveCfg = Debug|Any CPU
		{E4DEC70E-7841-4FD2-A5ED-C59837CAD549}.Demo|Any CPU.Build.0 = Debug|Any CPU
		{E4DEC70E-7841-4FD2-A5ED-C59837CAD549}.Release|Any CPU.ActiveCfg = Release|Any CPU
		{E4DEC70E-7841-4FD2-A5ED-C59837CAD549}.Release|Any CPU.Build.0 = Release|Any CPU
		{E4DEC70E-7841-4FD2-A5ED-C59837CAD549}.WinForms|Any CPU.ActiveCfg = Release|Any CPU
		{E4DEC70E-7841-4FD2-A5ED-C59837CAD549}.WinForms|Any CPU.Build.0 = Release|Any CPU
		{3B0B293D-40F5-49AD-B44B-5914873D5028}.Basic|Any CPU.ActiveCfg = Release|Any CPU
		{3B0B293D-40F5-49AD-B44B-5914873D5028}.Basic|Any CPU.Build.0 = Release|Any CPU
		{3B0B293D-40F5-49AD-B44B-5914873D5028}.Debug|Any CPU.ActiveCfg = Debug|Any CPU
		{3B0B293D-40F5-49AD-B44B-5914873D5028}.Debug|Any CPU.Build.0 = Debug|Any CPU
		{3B0B293D-40F5-49AD-B44B-5914873D5028}.Demo|Any CPU.ActiveCfg = Debug|Any CPU
		{3B0B293D-40F5-49AD-B44B-5914873D5028}.Demo|Any CPU.Build.0 = Debug|Any CPU
		{3B0B293D-40F5-49AD-B44B-5914873D5028}.Release|Any CPU.ActiveCfg = Release|Any CPU
		{3B0B293D-40F5-49AD-B44B-5914873D5028}.Release|Any CPU.Build.0 = Release|Any CPU
		{3B0B293D-40F5-49AD-B44B-5914873D5028}.WinForms|Any CPU.ActiveCfg = Release|Any CPU
		{3B0B293D-40F5-49AD-B44B-5914873D5028}.WinForms|Any CPU.Build.0 = Release|Any CPU
		{EAB58C69-7BB6-4202-B8E2-883E66A3283E}.Basic|Any CPU.ActiveCfg = Release|Any CPU
		{EAB58C69-7BB6-4202-B8E2-883E66A3283E}.Debug|Any CPU.ActiveCfg = Debug|Any CPU
		{EAB58C69-7BB6-4202-B8E2-883E66A3283E}.Debug|Any CPU.Build.0 = Debug|Any CPU
		{EAB58C69-7BB6-4202-B8E2-883E66A3283E}.Demo|Any CPU.ActiveCfg = Debug|Any CPU
		{EAB58C69-7BB6-4202-B8E2-883E66A3283E}.Release|Any CPU.ActiveCfg = Release|Any CPU
		{EAB58C69-7BB6-4202-B8E2-883E66A3283E}.Release|Any CPU.Build.0 = Release|Any CPU
		{EAB58C69-7BB6-4202-B8E2-883E66A3283E}.WinForms|Any CPU.ActiveCfg = Release|Any CPU
		{9EE5F8A2-00C2-48EB-B46E-8D83D14FDC39}.Basic|Any CPU.ActiveCfg = Release|Any CPU
		{9EE5F8A2-00C2-48EB-B46E-8D83D14FDC39}.Basic|Any CPU.Build.0 = Release|Any CPU
		{9EE5F8A2-00C2-48EB-B46E-8D83D14FDC39}.Debug|Any CPU.ActiveCfg = Debug|Any CPU
		{9EE5F8A2-00C2-48EB-B46E-8D83D14FDC39}.Debug|Any CPU.Build.0 = Debug|Any CPU
		{9EE5F8A2-00C2-48EB-B46E-8D83D14FDC39}.Demo|Any CPU.ActiveCfg = Debug|Any CPU
		{9EE5F8A2-00C2-48EB-B46E-8D83D14FDC39}.Demo|Any CPU.Build.0 = Debug|Any CPU
		{9EE5F8A2-00C2-48EB-B46E-8D83D14FDC39}.Release|Any CPU.ActiveCfg = Release|Any CPU
		{9EE5F8A2-00C2-48EB-B46E-8D83D14FDC39}.Release|Any CPU.Build.0 = Release|Any CPU
		{9EE5F8A2-00C2-48EB-B46E-8D83D14FDC39}.WinForms|Any CPU.ActiveCfg = Release|Any CPU
		{9EE5F8A2-00C2-48EB-B46E-8D83D14FDC39}.WinForms|Any CPU.Build.0 = Release|Any CPU
		{D185D248-D46E-4624-AE4D-80A36C1A3370}.Basic|Any CPU.ActiveCfg = Release|Any CPU
		{D185D248-D46E-4624-AE4D-80A36C1A3370}.Basic|Any CPU.Build.0 = Release|Any CPU
		{D185D248-D46E-4624-AE4D-80A36C1A3370}.Debug|Any CPU.ActiveCfg = Debug|Any CPU
		{D185D248-D46E-4624-AE4D-80A36C1A3370}.Debug|Any CPU.Build.0 = Debug|Any CPU
		{D185D248-D46E-4624-AE4D-80A36C1A3370}.Demo|Any CPU.ActiveCfg = Debug|Any CPU
		{D185D248-D46E-4624-AE4D-80A36C1A3370}.Demo|Any CPU.Build.0 = Debug|Any CPU
		{D185D248-D46E-4624-AE4D-80A36C1A3370}.Release|Any CPU.ActiveCfg = Release|Any CPU
		{D185D248-D46E-4624-AE4D-80A36C1A3370}.Release|Any CPU.Build.0 = Release|Any CPU
		{D185D248-D46E-4624-AE4D-80A36C1A3370}.WinForms|Any CPU.ActiveCfg = Release|Any CPU
		{D185D248-D46E-4624-AE4D-80A36C1A3370}.WinForms|Any CPU.Build.0 = Release|Any CPU
		{E7CC3DF6-4222-41DC-8F78-ACE6E997573B}.Basic|Any CPU.ActiveCfg = Release|Any CPU
		{E7CC3DF6-4222-41DC-8F78-ACE6E997573B}.Basic|Any CPU.Build.0 = Release|Any CPU
		{E7CC3DF6-4222-41DC-8F78-ACE6E997573B}.Debug|Any CPU.ActiveCfg = Debug|Any CPU
		{E7CC3DF6-4222-41DC-8F78-ACE6E997573B}.Debug|Any CPU.Build.0 = Debug|Any CPU
		{E7CC3DF6-4222-41DC-8F78-ACE6E997573B}.Demo|Any CPU.ActiveCfg = Debug|Any CPU
		{E7CC3DF6-4222-41DC-8F78-ACE6E997573B}.Demo|Any CPU.Build.0 = Debug|Any CPU
		{E7CC3DF6-4222-41DC-8F78-ACE6E997573B}.Release|Any CPU.ActiveCfg = Release|Any CPU
		{E7CC3DF6-4222-41DC-8F78-ACE6E997573B}.Release|Any CPU.Build.0 = Release|Any CPU
		{E7CC3DF6-4222-41DC-8F78-ACE6E997573B}.WinForms|Any CPU.ActiveCfg = Release|Any CPU
		{E7CC3DF6-4222-41DC-8F78-ACE6E997573B}.WinForms|Any CPU.Build.0 = Release|Any CPU
		{F931E93A-22C2-400B-9FFF-CBDFD5DA7184}.Basic|Any CPU.ActiveCfg = Release|Any CPU
		{F931E93A-22C2-400B-9FFF-CBDFD5DA7184}.Basic|Any CPU.Build.0 = Release|Any CPU
		{F931E93A-22C2-400B-9FFF-CBDFD5DA7184}.Debug|Any CPU.ActiveCfg = Debug|Any CPU
		{F931E93A-22C2-400B-9FFF-CBDFD5DA7184}.Debug|Any CPU.Build.0 = Debug|Any CPU
		{F931E93A-22C2-400B-9FFF-CBDFD5DA7184}.Demo|Any CPU.ActiveCfg = Debug|Any CPU
		{F931E93A-22C2-400B-9FFF-CBDFD5DA7184}.Demo|Any CPU.Build.0 = Debug|Any CPU
		{F931E93A-22C2-400B-9FFF-CBDFD5DA7184}.Release|Any CPU.ActiveCfg = Release|Any CPU
		{F931E93A-22C2-400B-9FFF-CBDFD5DA7184}.Release|Any CPU.Build.0 = Release|Any CPU
		{F931E93A-22C2-400B-9FFF-CBDFD5DA7184}.WinForms|Any CPU.ActiveCfg = Release|Any CPU
		{F931E93A-22C2-400B-9FFF-CBDFD5DA7184}.WinForms|Any CPU.Build.0 = Release|Any CPU
		{6FB2E793-F67B-4BFA-9780-FFA946C41075}.Basic|Any CPU.ActiveCfg = Release|Any CPU
		{6FB2E793-F67B-4BFA-9780-FFA946C41075}.Basic|Any CPU.Build.0 = Release|Any CPU
		{6FB2E793-F67B-4BFA-9780-FFA946C41075}.Debug|Any CPU.ActiveCfg = Debug|Any CPU
		{6FB2E793-F67B-4BFA-9780-FFA946C41075}.Debug|Any CPU.Build.0 = Debug|Any CPU
		{6FB2E793-F67B-4BFA-9780-FFA946C41075}.Demo|Any CPU.ActiveCfg = Debug|Any CPU
		{6FB2E793-F67B-4BFA-9780-FFA946C41075}.Demo|Any CPU.Build.0 = Debug|Any CPU
		{6FB2E793-F67B-4BFA-9780-FFA946C41075}.Release|Any CPU.ActiveCfg = Release|Any CPU
		{6FB2E793-F67B-4BFA-9780-FFA946C41075}.Release|Any CPU.Build.0 = Release|Any CPU
		{6FB2E793-F67B-4BFA-9780-FFA946C41075}.WinForms|Any CPU.ActiveCfg = Release|Any CPU
		{6FB2E793-F67B-4BFA-9780-FFA946C41075}.WinForms|Any CPU.Build.0 = Release|Any CPU
		{A3D2BBEE-1AED-4F5B-83F2-9E68A4047850}.Basic|Any CPU.ActiveCfg = Release|Any CPU
		{A3D2BBEE-1AED-4F5B-83F2-9E68A4047850}.Basic|Any CPU.Build.0 = Release|Any CPU
		{A3D2BBEE-1AED-4F5B-83F2-9E68A4047850}.Debug|Any CPU.ActiveCfg = Debug|Any CPU
		{A3D2BBEE-1AED-4F5B-83F2-9E68A4047850}.Debug|Any CPU.Build.0 = Debug|Any CPU
		{A3D2BBEE-1AED-4F5B-83F2-9E68A4047850}.Demo|Any CPU.ActiveCfg = Debug|Any CPU
		{A3D2BBEE-1AED-4F5B-83F2-9E68A4047850}.Demo|Any CPU.Build.0 = Debug|Any CPU
		{A3D2BBEE-1AED-4F5B-83F2-9E68A4047850}.Release|Any CPU.ActiveCfg = Release|Any CPU
		{A3D2BBEE-1AED-4F5B-83F2-9E68A4047850}.Release|Any CPU.Build.0 = Release|Any CPU
		{A3D2BBEE-1AED-4F5B-83F2-9E68A4047850}.WinForms|Any CPU.ActiveCfg = Release|Any CPU
		{A3D2BBEE-1AED-4F5B-83F2-9E68A4047850}.WinForms|Any CPU.Build.0 = Release|Any CPU
		{79D33258-A0F7-4BCB-A362-510197F1668A}.Basic|Any CPU.ActiveCfg = Release|Any CPU
		{79D33258-A0F7-4BCB-A362-510197F1668A}.Basic|Any CPU.Build.0 = Release|Any CPU
		{79D33258-A0F7-4BCB-A362-510197F1668A}.Debug|Any CPU.ActiveCfg = Debug|Any CPU
		{79D33258-A0F7-4BCB-A362-510197F1668A}.Debug|Any CPU.Build.0 = Debug|Any CPU
		{79D33258-A0F7-4BCB-A362-510197F1668A}.Demo|Any CPU.ActiveCfg = Debug|Any CPU
		{79D33258-A0F7-4BCB-A362-510197F1668A}.Demo|Any CPU.Build.0 = Debug|Any CPU
		{79D33258-A0F7-4BCB-A362-510197F1668A}.Release|Any CPU.ActiveCfg = Release|Any CPU
		{79D33258-A0F7-4BCB-A362-510197F1668A}.Release|Any CPU.Build.0 = Release|Any CPU
		{79D33258-A0F7-4BCB-A362-510197F1668A}.WinForms|Any CPU.ActiveCfg = Release|Any CPU
		{79D33258-A0F7-4BCB-A362-510197F1668A}.WinForms|Any CPU.Build.0 = Release|Any CPU
		{FF147805-3EBC-46D5-8033-1167AF77D9D8}.Basic|Any CPU.ActiveCfg = Release|Any CPU
		{FF147805-3EBC-46D5-8033-1167AF77D9D8}.Basic|Any CPU.Build.0 = Release|Any CPU
		{FF147805-3EBC-46D5-8033-1167AF77D9D8}.Debug|Any CPU.ActiveCfg = Debug|Any CPU
		{FF147805-3EBC-46D5-8033-1167AF77D9D8}.Debug|Any CPU.Build.0 = Debug|Any CPU
		{FF147805-3EBC-46D5-8033-1167AF77D9D8}.Demo|Any CPU.ActiveCfg = Debug|Any CPU
		{FF147805-3EBC-46D5-8033-1167AF77D9D8}.Demo|Any CPU.Build.0 = Debug|Any CPU
		{FF147805-3EBC-46D5-8033-1167AF77D9D8}.Release|Any CPU.ActiveCfg = Release|Any CPU
		{FF147805-3EBC-46D5-8033-1167AF77D9D8}.Release|Any CPU.Build.0 = Release|Any CPU
		{FF147805-3EBC-46D5-8033-1167AF77D9D8}.WinForms|Any CPU.ActiveCfg = Release|Any CPU
		{FF147805-3EBC-46D5-8033-1167AF77D9D8}.WinForms|Any CPU.Build.0 = Release|Any CPU
		{8F99F04F-9C50-40F1-BD48-AA57A958E488}.Basic|Any CPU.ActiveCfg = Release|Any CPU
		{8F99F04F-9C50-40F1-BD48-AA57A958E488}.Basic|Any CPU.Build.0 = Release|Any CPU
		{8F99F04F-9C50-40F1-BD48-AA57A958E488}.Debug|Any CPU.ActiveCfg = Debug|Any CPU
		{8F99F04F-9C50-40F1-BD48-AA57A958E488}.Debug|Any CPU.Build.0 = Debug|Any CPU
		{8F99F04F-9C50-40F1-BD48-AA57A958E488}.Demo|Any CPU.ActiveCfg = Debug|Any CPU
		{8F99F04F-9C50-40F1-BD48-AA57A958E488}.Demo|Any CPU.Build.0 = Debug|Any CPU
		{8F99F04F-9C50-40F1-BD48-AA57A958E488}.Release|Any CPU.ActiveCfg = Release|Any CPU
		{8F99F04F-9C50-40F1-BD48-AA57A958E488}.Release|Any CPU.Build.0 = Release|Any CPU
		{8F99F04F-9C50-40F1-BD48-AA57A958E488}.WinForms|Any CPU.ActiveCfg = Release|Any CPU
		{8F99F04F-9C50-40F1-BD48-AA57A958E488}.WinForms|Any CPU.Build.0 = Release|Any CPU
		{3429A3A8-BE7D-4CD6-9C36-DB63CC326A70}.Basic|Any CPU.ActiveCfg = Release|Any CPU
		{3429A3A8-BE7D-4CD6-9C36-DB63CC326A70}.Basic|Any CPU.Build.0 = Release|Any CPU
		{3429A3A8-BE7D-4CD6-9C36-DB63CC326A70}.Debug|Any CPU.ActiveCfg = Debug|Any CPU
		{3429A3A8-BE7D-4CD6-9C36-DB63CC326A70}.Debug|Any CPU.Build.0 = Debug|Any CPU
		{3429A3A8-BE7D-4CD6-9C36-DB63CC326A70}.Demo|Any CPU.ActiveCfg = Debug|Any CPU
		{3429A3A8-BE7D-4CD6-9C36-DB63CC326A70}.Demo|Any CPU.Build.0 = Debug|Any CPU
		{3429A3A8-BE7D-4CD6-9C36-DB63CC326A70}.Release|Any CPU.ActiveCfg = Release|Any CPU
		{3429A3A8-BE7D-4CD6-9C36-DB63CC326A70}.Release|Any CPU.Build.0 = Release|Any CPU
		{3429A3A8-BE7D-4CD6-9C36-DB63CC326A70}.WinForms|Any CPU.ActiveCfg = Release|Any CPU
		{3429A3A8-BE7D-4CD6-9C36-DB63CC326A70}.WinForms|Any CPU.Build.0 = Release|Any CPU
		{B53AFBC9-DB58-401D-B559-A683704C4E87}.Basic|Any CPU.ActiveCfg = Release|Any CPU
		{B53AFBC9-DB58-401D-B559-A683704C4E87}.Basic|Any CPU.Build.0 = Release|Any CPU
		{B53AFBC9-DB58-401D-B559-A683704C4E87}.Debug|Any CPU.ActiveCfg = Debug|Any CPU
		{B53AFBC9-DB58-401D-B559-A683704C4E87}.Debug|Any CPU.Build.0 = Debug|Any CPU
		{B53AFBC9-DB58-401D-B559-A683704C4E87}.Demo|Any CPU.ActiveCfg = Debug|Any CPU
		{B53AFBC9-DB58-401D-B559-A683704C4E87}.Demo|Any CPU.Build.0 = Debug|Any CPU
		{B53AFBC9-DB58-401D-B559-A683704C4E87}.Release|Any CPU.ActiveCfg = Release|Any CPU
		{B53AFBC9-DB58-401D-B559-A683704C4E87}.Release|Any CPU.Build.0 = Release|Any CPU
		{B53AFBC9-DB58-401D-B559-A683704C4E87}.WinForms|Any CPU.ActiveCfg = Release|Any CPU
		{B53AFBC9-DB58-401D-B559-A683704C4E87}.WinForms|Any CPU.Build.0 = Release|Any CPU
		{EA01FA4E-3890-4F43-931C-6FEAEB31B0D0}.Basic|Any CPU.ActiveCfg = Release|Any CPU
		{EA01FA4E-3890-4F43-931C-6FEAEB31B0D0}.Basic|Any CPU.Build.0 = Release|Any CPU
		{EA01FA4E-3890-4F43-931C-6FEAEB31B0D0}.Debug|Any CPU.ActiveCfg = Debug|Any CPU
		{EA01FA4E-3890-4F43-931C-6FEAEB31B0D0}.Debug|Any CPU.Build.0 = Debug|Any CPU
		{EA01FA4E-3890-4F43-931C-6FEAEB31B0D0}.Demo|Any CPU.ActiveCfg = Debug|Any CPU
		{EA01FA4E-3890-4F43-931C-6FEAEB31B0D0}.Demo|Any CPU.Build.0 = Debug|Any CPU
		{EA01FA4E-3890-4F43-931C-6FEAEB31B0D0}.Release|Any CPU.ActiveCfg = Release|Any CPU
		{EA01FA4E-3890-4F43-931C-6FEAEB31B0D0}.Release|Any CPU.Build.0 = Release|Any CPU
		{EA01FA4E-3890-4F43-931C-6FEAEB31B0D0}.WinForms|Any CPU.ActiveCfg = Release|Any CPU
		{EA01FA4E-3890-4F43-931C-6FEAEB31B0D0}.WinForms|Any CPU.Build.0 = Release|Any CPU
		{50464FAE-6616-45E5-9C07-B919F65F4FF1}.Basic|Any CPU.ActiveCfg = Release|Any CPU
		{50464FAE-6616-45E5-9C07-B919F65F4FF1}.Basic|Any CPU.Build.0 = Release|Any CPU
		{50464FAE-6616-45E5-9C07-B919F65F4FF1}.Debug|Any CPU.ActiveCfg = Debug|Any CPU
		{50464FAE-6616-45E5-9C07-B919F65F4FF1}.Debug|Any CPU.Build.0 = Debug|Any CPU
		{50464FAE-6616-45E5-9C07-B919F65F4FF1}.Demo|Any CPU.ActiveCfg = Debug|Any CPU
		{50464FAE-6616-45E5-9C07-B919F65F4FF1}.Demo|Any CPU.Build.0 = Debug|Any CPU
		{50464FAE-6616-45E5-9C07-B919F65F4FF1}.Release|Any CPU.ActiveCfg = Release|Any CPU
		{50464FAE-6616-45E5-9C07-B919F65F4FF1}.Release|Any CPU.Build.0 = Release|Any CPU
		{50464FAE-6616-45E5-9C07-B919F65F4FF1}.WinForms|Any CPU.ActiveCfg = Release|Any CPU
		{50464FAE-6616-45E5-9C07-B919F65F4FF1}.WinForms|Any CPU.Build.0 = Release|Any CPU
		{4BF5CE54-82B8-42F9-9E9A-B2B409D667CA}.Basic|Any CPU.ActiveCfg = Release|Any CPU
		{4BF5CE54-82B8-42F9-9E9A-B2B409D667CA}.Basic|Any CPU.Build.0 = Release|Any CPU
		{4BF5CE54-82B8-42F9-9E9A-B2B409D667CA}.Debug|Any CPU.ActiveCfg = Debug|Any CPU
		{4BF5CE54-82B8-42F9-9E9A-B2B409D667CA}.Debug|Any CPU.Build.0 = Debug|Any CPU
		{4BF5CE54-82B8-42F9-9E9A-B2B409D667CA}.Demo|Any CPU.ActiveCfg = Debug|Any CPU
		{4BF5CE54-82B8-42F9-9E9A-B2B409D667CA}.Demo|Any CPU.Build.0 = Debug|Any CPU
		{4BF5CE54-82B8-42F9-9E9A-B2B409D667CA}.Release|Any CPU.ActiveCfg = Release|Any CPU
		{4BF5CE54-82B8-42F9-9E9A-B2B409D667CA}.Release|Any CPU.Build.0 = Release|Any CPU
		{4BF5CE54-82B8-42F9-9E9A-B2B409D667CA}.WinForms|Any CPU.ActiveCfg = Release|Any CPU
		{4BF5CE54-82B8-42F9-9E9A-B2B409D667CA}.WinForms|Any CPU.Build.0 = Release|Any CPU
		{8F5056D0-BC4E-4471-A0A7-6B0E98C130B2}.Basic|Any CPU.ActiveCfg = Release|Any CPU
		{8F5056D0-BC4E-4471-A0A7-6B0E98C130B2}.Basic|Any CPU.Build.0 = Release|Any CPU
		{8F5056D0-BC4E-4471-A0A7-6B0E98C130B2}.Debug|Any CPU.ActiveCfg = Debug|Any CPU
		{8F5056D0-BC4E-4471-A0A7-6B0E98C130B2}.Debug|Any CPU.Build.0 = Debug|Any CPU
		{8F5056D0-BC4E-4471-A0A7-6B0E98C130B2}.Demo|Any CPU.ActiveCfg = Debug|Any CPU
		{8F5056D0-BC4E-4471-A0A7-6B0E98C130B2}.Demo|Any CPU.Build.0 = Debug|Any CPU
		{8F5056D0-BC4E-4471-A0A7-6B0E98C130B2}.Release|Any CPU.ActiveCfg = Release|Any CPU
		{8F5056D0-BC4E-4471-A0A7-6B0E98C130B2}.Release|Any CPU.Build.0 = Release|Any CPU
		{8F5056D0-BC4E-4471-A0A7-6B0E98C130B2}.WinForms|Any CPU.ActiveCfg = Release|Any CPU
		{8F5056D0-BC4E-4471-A0A7-6B0E98C130B2}.WinForms|Any CPU.Build.0 = Release|Any CPU
		{4CAED304-A31B-4CD8-90EA-5C67D5DF4F6C}.Basic|Any CPU.ActiveCfg = Release|Any CPU
		{4CAED304-A31B-4CD8-90EA-5C67D5DF4F6C}.Basic|Any CPU.Build.0 = Release|Any CPU
		{4CAED304-A31B-4CD8-90EA-5C67D5DF4F6C}.Debug|Any CPU.ActiveCfg = Debug|Any CPU
		{4CAED304-A31B-4CD8-90EA-5C67D5DF4F6C}.Debug|Any CPU.Build.0 = Debug|Any CPU
		{4CAED304-A31B-4CD8-90EA-5C67D5DF4F6C}.Demo|Any CPU.ActiveCfg = Debug|Any CPU
		{4CAED304-A31B-4CD8-90EA-5C67D5DF4F6C}.Demo|Any CPU.Build.0 = Debug|Any CPU
		{4CAED304-A31B-4CD8-90EA-5C67D5DF4F6C}.Release|Any CPU.ActiveCfg = Release|Any CPU
		{4CAED304-A31B-4CD8-90EA-5C67D5DF4F6C}.Release|Any CPU.Build.0 = Release|Any CPU
		{4CAED304-A31B-4CD8-90EA-5C67D5DF4F6C}.WinForms|Any CPU.ActiveCfg = Release|Any CPU
		{4CAED304-A31B-4CD8-90EA-5C67D5DF4F6C}.WinForms|Any CPU.Build.0 = Release|Any CPU
		{15BA802D-26F0-497C-A33C-8CB8DB6F7466}.Basic|Any CPU.ActiveCfg = Release|Any CPU
		{15BA802D-26F0-497C-A33C-8CB8DB6F7466}.Basic|Any CPU.Build.0 = Release|Any CPU
		{15BA802D-26F0-497C-A33C-8CB8DB6F7466}.Debug|Any CPU.ActiveCfg = Debug|Any CPU
		{15BA802D-26F0-497C-A33C-8CB8DB6F7466}.Debug|Any CPU.Build.0 = Debug|Any CPU
		{15BA802D-26F0-497C-A33C-8CB8DB6F7466}.Demo|Any CPU.ActiveCfg = Debug|Any CPU
		{15BA802D-26F0-497C-A33C-8CB8DB6F7466}.Demo|Any CPU.Build.0 = Debug|Any CPU
		{15BA802D-26F0-497C-A33C-8CB8DB6F7466}.Release|Any CPU.ActiveCfg = Release|Any CPU
		{15BA802D-26F0-497C-A33C-8CB8DB6F7466}.Release|Any CPU.Build.0 = Release|Any CPU
		{15BA802D-26F0-497C-A33C-8CB8DB6F7466}.WinForms|Any CPU.ActiveCfg = Release|Any CPU
		{15BA802D-26F0-497C-A33C-8CB8DB6F7466}.WinForms|Any CPU.Build.0 = Release|Any CPU
		{86417C95-BBEB-4592-9584-78016389F1CC}.Basic|Any CPU.ActiveCfg = Release|Any CPU
		{86417C95-BBEB-4592-9584-78016389F1CC}.Basic|Any CPU.Build.0 = Release|Any CPU
		{86417C95-BBEB-4592-9584-78016389F1CC}.Debug|Any CPU.ActiveCfg = Debug|Any CPU
		{86417C95-BBEB-4592-9584-78016389F1CC}.Debug|Any CPU.Build.0 = Debug|Any CPU
		{86417C95-BBEB-4592-9584-78016389F1CC}.Demo|Any CPU.ActiveCfg = Debug|Any CPU
		{86417C95-BBEB-4592-9584-78016389F1CC}.Demo|Any CPU.Build.0 = Debug|Any CPU
		{86417C95-BBEB-4592-9584-78016389F1CC}.Release|Any CPU.ActiveCfg = Release|Any CPU
		{86417C95-BBEB-4592-9584-78016389F1CC}.Release|Any CPU.Build.0 = Release|Any CPU
		{86417C95-BBEB-4592-9584-78016389F1CC}.WinForms|Any CPU.ActiveCfg = Release|Any CPU
		{86417C95-BBEB-4592-9584-78016389F1CC}.WinForms|Any CPU.Build.0 = Release|Any CPU
		{0FC9C3EE-14B9-42BF-A461-3B2636C33BE8}.Basic|Any CPU.ActiveCfg = Release|Any CPU
		{0FC9C3EE-14B9-42BF-A461-3B2636C33BE8}.Basic|Any CPU.Build.0 = Release|Any CPU
		{0FC9C3EE-14B9-42BF-A461-3B2636C33BE8}.Debug|Any CPU.ActiveCfg = Debug|Any CPU
		{0FC9C3EE-14B9-42BF-A461-3B2636C33BE8}.Debug|Any CPU.Build.0 = Debug|Any CPU
		{0FC9C3EE-14B9-42BF-A461-3B2636C33BE8}.Demo|Any CPU.ActiveCfg = Debug|Any CPU
		{0FC9C3EE-14B9-42BF-A461-3B2636C33BE8}.Demo|Any CPU.Build.0 = Debug|Any CPU
		{0FC9C3EE-14B9-42BF-A461-3B2636C33BE8}.Release|Any CPU.ActiveCfg = Release|Any CPU
		{0FC9C3EE-14B9-42BF-A461-3B2636C33BE8}.Release|Any CPU.Build.0 = Release|Any CPU
		{0FC9C3EE-14B9-42BF-A461-3B2636C33BE8}.WinForms|Any CPU.ActiveCfg = Release|Any CPU
		{0FC9C3EE-14B9-42BF-A461-3B2636C33BE8}.WinForms|Any CPU.Build.0 = Release|Any CPU
		{7C64FBDC-25E5-47FF-B6F8-443256745E2D}.Basic|Any CPU.ActiveCfg = Basic|Any CPU
		{7C64FBDC-25E5-47FF-B6F8-443256745E2D}.Basic|Any CPU.Build.0 = Basic|Any CPU
		{7C64FBDC-25E5-47FF-B6F8-443256745E2D}.Debug|Any CPU.ActiveCfg = Debug|Any CPU
		{7C64FBDC-25E5-47FF-B6F8-443256745E2D}.Debug|Any CPU.Build.0 = Debug|Any CPU
		{7C64FBDC-25E5-47FF-B6F8-443256745E2D}.Demo|Any CPU.ActiveCfg = Demo|Any CPU
		{7C64FBDC-25E5-47FF-B6F8-443256745E2D}.Demo|Any CPU.Build.0 = Demo|Any CPU
		{7C64FBDC-25E5-47FF-B6F8-443256745E2D}.Release|Any CPU.ActiveCfg = Release|Any CPU
		{7C64FBDC-25E5-47FF-B6F8-443256745E2D}.Release|Any CPU.Build.0 = Release|Any CPU
		{7C64FBDC-25E5-47FF-B6F8-443256745E2D}.WinForms|Any CPU.ActiveCfg = WinForms|Any CPU
		{7C64FBDC-25E5-47FF-B6F8-443256745E2D}.WinForms|Any CPU.Build.0 = WinForms|Any CPU
		{B9DFBAD5-AD6F-4478-81C6-73FBBB102295}.Basic|Any CPU.ActiveCfg = Release|Any CPU
		{B9DFBAD5-AD6F-4478-81C6-73FBBB102295}.Basic|Any CPU.Build.0 = Release|Any CPU
		{B9DFBAD5-AD6F-4478-81C6-73FBBB102295}.Debug|Any CPU.ActiveCfg = Debug|Any CPU
		{B9DFBAD5-AD6F-4478-81C6-73FBBB102295}.Debug|Any CPU.Build.0 = Debug|Any CPU
		{B9DFBAD5-AD6F-4478-81C6-73FBBB102295}.Demo|Any CPU.ActiveCfg = Debug|Any CPU
		{B9DFBAD5-AD6F-4478-81C6-73FBBB102295}.Demo|Any CPU.Build.0 = Debug|Any CPU
		{B9DFBAD5-AD6F-4478-81C6-73FBBB102295}.Release|Any CPU.ActiveCfg = Release|Any CPU
		{B9DFBAD5-AD6F-4478-81C6-73FBBB102295}.Release|Any CPU.Build.0 = Release|Any CPU
		{B9DFBAD5-AD6F-4478-81C6-73FBBB102295}.WinForms|Any CPU.ActiveCfg = Release|Any CPU
		{B9DFBAD5-AD6F-4478-81C6-73FBBB102295}.WinForms|Any CPU.Build.0 = Release|Any CPU
		{72C40A23-C091-43FF-9033-C89A10A142E2}.Basic|Any CPU.ActiveCfg = Release|Any CPU
		{72C40A23-C091-43FF-9033-C89A10A142E2}.Basic|Any CPU.Build.0 = Release|Any CPU
		{72C40A23-C091-43FF-9033-C89A10A142E2}.Debug|Any CPU.ActiveCfg = Debug|Any CPU
		{72C40A23-C091-43FF-9033-C89A10A142E2}.Debug|Any CPU.Build.0 = Debug|Any CPU
		{72C40A23-C091-43FF-9033-C89A10A142E2}.Demo|Any CPU.ActiveCfg = Debug|Any CPU
		{72C40A23-C091-43FF-9033-C89A10A142E2}.Demo|Any CPU.Build.0 = Debug|Any CPU
		{72C40A23-C091-43FF-9033-C89A10A142E2}.Release|Any CPU.ActiveCfg = Release|Any CPU
		{72C40A23-C091-43FF-9033-C89A10A142E2}.Release|Any CPU.Build.0 = Release|Any CPU
		{72C40A23-C091-43FF-9033-C89A10A142E2}.WinForms|Any CPU.ActiveCfg = Release|Any CPU
		{72C40A23-C091-43FF-9033-C89A10A142E2}.WinForms|Any CPU.Build.0 = Release|Any CPU
		{573782B8-C27C-44F6-AA6B-479AA83EAE48}.Basic|Any CPU.ActiveCfg = Release|Any CPU
		{573782B8-C27C-44F6-AA6B-479AA83EAE48}.Basic|Any CPU.Build.0 = Release|Any CPU
		{573782B8-C27C-44F6-AA6B-479AA83EAE48}.Debug|Any CPU.ActiveCfg = Debug|Any CPU
		{573782B8-C27C-44F6-AA6B-479AA83EAE48}.Debug|Any CPU.Build.0 = Debug|Any CPU
		{573782B8-C27C-44F6-AA6B-479AA83EAE48}.Demo|Any CPU.ActiveCfg = Debug|Any CPU
		{573782B8-C27C-44F6-AA6B-479AA83EAE48}.Demo|Any CPU.Build.0 = Debug|Any CPU
		{573782B8-C27C-44F6-AA6B-479AA83EAE48}.Release|Any CPU.ActiveCfg = Release|Any CPU
		{573782B8-C27C-44F6-AA6B-479AA83EAE48}.Release|Any CPU.Build.0 = Release|Any CPU
		{573782B8-C27C-44F6-AA6B-479AA83EAE48}.WinForms|Any CPU.ActiveCfg = Release|Any CPU
		{573782B8-C27C-44F6-AA6B-479AA83EAE48}.WinForms|Any CPU.Build.0 = Release|Any CPU
	EndGlobalSection
	GlobalSection(SolutionProperties) = preSolution
		HideSolutionNode = FALSE
	EndGlobalSection
EndGlobal
